
Microsoft Visual Studio Solution File, Format Version 12.00
# Visual Studio Version 16
VisualStudioVersion = 16.0.29728.190
MinimumVisualStudioVersion = 10.0.40219.1
Project("{FAE04EC0-301F-11D3-BF4B-00C04F79EFBC}") = "UnoGameSonHali", "UnoGameSonHali\UnoGameSonHali.csproj", "{397B9853-01F7-4A46-9084-324F7ED6CE79}"
EndProject
Global
	GlobalSection(SolutionConfigurationPlatforms) = preSolution
		Debug|Any CPU = Debug|Any CPU
		Release|Any CPU = Release|Any CPU
	EndGlobalSection
	GlobalSection(ProjectConfigurationPlatforms) = postSolution
		{397B9853-01F7-4A46-9084-324F7ED6CE79}.Debug|Any CPU.ActiveCfg = Debug|Any CPU
		{397B9853-01F7-4A46-9084-324F7ED6CE79}.Debug|Any CPU.Build.0 = Debug|Any CPU
		{397B9853-01F7-4A46-9084-324F7ED6CE79}.Release|Any CPU.ActiveCfg = Release|Any CPU
		{397B9853-01F7-4A46-9084-324F7ED6CE79}.Release|Any CPU.Build.0 = Release|Any CPU
	EndGlobalSection
	GlobalSection(SolutionProperties) = preSolution
		HideSolutionNode = FALSE
	EndGlobalSection
	GlobalSection(ExtensibilityGlobals) = postSolution
		SolutionGuid = {C7D29057-0484-441F-85F8-C3E5D564AF66}
	EndGlobalSection
EndGlobal
